
Microsoft Visual Studio Solution File, Format Version 12.00
# Visual Studio Version 18
VisualStudioVersion = 18.5.11709.299 stable
MinimumVisualStudioVersion = 10.0.40219.1
Project("{8BC9CEB8-8B4A-11D0-8D11-00A0C91BC942}") = "Lab4", "Lab4\Lab4.vcxproj", "{25F2FE4D-38E1-4645-AC7E-F6217769AC11}"
EndProject
Project("{8BC9CEB8-8B4A-11D0-8D11-00A0C91BC942}") = "Lectures", "Lectures\Lectures.vcxproj", "{24893399-2C0E-4EA8-BC1D-3622251D5145}"
EndProject
Project("{2150E333-8FDC-42A3-9474-1A3956D46DE8}") = "Solution Items", "Solution Items", "{8EC462FD-D22E-90A8-E5CE-7E832BA40C5D}"
	ProjectSection(SolutionItems) = preProject
		..\Shared\0_Setup.md = ..\Shared\0_Setup.md
		..\Shared\FAQ_General.md = ..\Shared\FAQ_General.md
		..\Shared\FAQ_GitHub.md = ..\Shared\FAQ_GitHub.md
		Materials\FAQ_Lab4.md = Materials\FAQ_Lab4.md
		..\Shared\PG2_Rules.md = ..\Shared\PG2_Rules.md
	EndProjectSection
EndProject
Project("{2150E333-8FDC-42A3-9474-1A3956D46DE8}") = "TopicQuizzes", "TopicQuizzes", "{02EA681E-C7D8-13C7-8484-4AC65E1B71E8}"
	ProjectSection(SolutionItems) = preProject
		Materials\1_CSV_quiz.html = Materials\1_CSV_quiz.html
		Materials\2_WritingCSV_quiz.html = Materials\2_WritingCSV_quiz.html
		Materials\3_ReadingCSV_quiz.html = Materials\3_ReadingCSV_quiz.html
		Materials\4_Serializing_quiz.html = Materials\4_Serializing_quiz.html
		Materials\5_Deserializing_quiz.html = Materials\5_Deserializing_quiz.html
	EndProjectSection
EndProject
Project("{2150E333-8FDC-42A3-9474-1A3956D46DE8}") = "Topics", "Topics", "{C47A8464-4149-4644-9690-013F57476C2E}"
	ProjectSection(SolutionItems) = preProject
		Materials\1_CSV.md = Materials\1_CSV.md
		Materials\2_FileSystem.md = Materials\2_FileSystem.md
		Materials\2_WritingCSV.md = Materials\2_WritingCSV.md
		Materials\3_ReadingCSV.md = Materials\3_ReadingCSV.md
		Materials\4_Serializing.md = Materials\4_Serializing.md
		Materials\5_Deserializing.md = Materials\5_Deserializing.md
		Materials\Day10.md = Materials\Day10.md
		Materials\Day11.md = Materials\Day11.md
	EndProjectSection
EndProject
Global
	GlobalSection(SolutionConfigurationPlatforms) = preSolution
		Debug|x64 = Debug|x64
		Debug|x86 = Debug|x86
		Release|x64 = Release|x64
		Release|x86 = Release|x86
	EndGlobalSection
	GlobalSection(ProjectConfigurationPlatforms) = postSolution
		{25F2FE4D-38E1-4645-AC7E-F6217769AC11}.Debug|x64.ActiveCfg = Debug|x64
		{25F2FE4D-38E1-4645-AC7E-F6217769AC11}.Debug|x64.Build.0 = Debug|x64
		{25F2FE4D-38E1-4645-AC7E-F6217769AC11}.Debug|x86.ActiveCfg = Debug|Win32
		{25F2FE4D-38E1-4645-AC7E-F6217769AC11}.Debug|x86.Build.0 = Debug|Win32
		{25F2FE4D-38E1-4645-AC7E-F6217769AC11}.Release|x64.ActiveCfg = Release|x64
		{25F2FE4D-38E1-4645-AC7E-F6217769AC11}.Release|x64.Build.0 = Release|x64
		{25F2FE4D-38E1-4645-AC7E-F6217769AC11}.Release|x86.ActiveCfg = Release|Win32
		{25F2FE4D-38E1-4645-AC7E-F6217769AC11}.Release|x86.Build.0 = Release|Win32
		{24893399-2C0E-4EA8-BC1D-3622251D5145}.Debug|x64.ActiveCfg = Debug|x64
		{24893399-2C0E-4EA8-BC1D-3622251D5145}.Debug|x64.Build.0 = Debug|x64
		{24893399-2C0E-4EA8-BC1D-3622251D5145}.Debug|x86.ActiveCfg = Debug|Win32
		{24893399-2C0E-4EA8-BC1D-3622251D5145}.Debug|x86.Build.0 = Debug|Win32
		{24893399-2C0E-4EA8-BC1D-3622251D5145}.Release|x64.ActiveCfg = Release|x64
		{24893399-2C0E-4EA8-BC1D-3622251D5145}.Release|x64.Build.0 = Release|x64
		{24893399-2C0E-4EA8-BC1D-3622251D5145}.Release|x86.ActiveCfg = Release|Win32
		{24893399-2C0E-4EA8-BC1D-3622251D5145}.Release|x86.Build.0 = Release|Win32
	EndGlobalSection
	GlobalSection(SolutionProperties) = preSolution
		HideSolutionNode = FALSE
	EndGlobalSection
	GlobalSection(NestedProjects) = preSolution
		{02EA681E-C7D8-13C7-8484-4AC65E1B71E8} = {8EC462FD-D22E-90A8-E5CE-7E832BA40C5D}
		{C47A8464-4149-4644-9690-013F57476C2E} = {8EC462FD-D22E-90A8-E5CE-7E832BA40C5D}
	EndGlobalSection
	GlobalSection(ExtensibilityGlobals) = postSolution
		SolutionGuid = {9D457A40-9D5D-4DA8-937F-4010590D9960}
	EndGlobalSection
EndGlobal
